{
	"name": "spec-generator",
	"version": "0.0.1",
	"lockfileVersion": 2,
	"requires": true,
	"packages": {
		"": {
			"name": "spec-generator",
			"version": "0.0.1",
			"devDependencies": {
				"@types/node": "^16.0.0",
				"typescript": "^4.5.5"
			}
		},
		"node_modules/@types/node": {
			"version": "16.11.22",
			"resolved": "https://registry.npmjs.org/@types/node/-/node-16.11.22.tgz",
			"integrity": "sha512-DYNtJWauMQ9RNpesl4aVothr97/tIJM8HbyOXJ0AYT1Z2bEjLHyfjOBPAQQVMLf8h3kSShYfNk8Wnto8B2zHUA==",
			"dev": true
		},
		"node_modules/typescript": {
			"version": "4.5.5",
			"resolved": "https://registry.npmjs.org/typescript/-/typescript-4.5.5.tgz",
			"integrity": "sha512-TCTIul70LyWe6IJWT8QSYeA54WQe8EjQFU4wY52Fasj5UKx88LNYKCgBEHcOMOrFF1rKGbD8v/xcNWVUq9SymA==",
			"dev": true,
			"bin": {
				"tsc": "bin/tsc",
				"tsserver": "bin/tsserver"
			},
			"engines": {
				"node": ">=4.2.0"
			}
		}
	},
	"dependencies": {
		"@types/node": {
			"version": "16.11.22",
			"resolved": "https://registry.npmjs.org/@types/node/-/node-16.11.22.tgz",
			"integrity": "sha512-DYNtJWauMQ9RNpesl4aVothr97/tIJM8HbyOXJ0AYT1Z2bEjLHyfjOBPAQQVMLf8h3kSShYfNk8Wnto8B2zHUA==",
			"dev": true
		},
		"typescript": {
			"version": "4.5.5",
			"resolved": "https://registry.npmjs.org/typescript/-/typescript-4.5.5.tgz",
			"integrity": "sha512-TCTIul70LyWe6IJWT8QSYeA54WQe8EjQFU4wY52Fasj5UKx88LNYKCgBEHcOMOrFF1rKGbD8v/xcNWVUq9SymA==",
			"dev": true
		}
	}
}
